// !$*UTF8*$!
{
	archiveVersion = 1;
	classes = {
	};
	objectVersion = 70;
	objects = {

/* Begin PBXBuildFile section */
		79C08D382CB421800003EFF7 /* ComposableArchitecture in Frameworks */ = {isa = PBXBuildFile; productRef = 79C08D372CB421800003EFF7 /* ComposableArchitecture */; };
		79C08D422CB421A90003EFF7 /* RealityKitContent in Frameworks */ = {isa = PBXBuildFile; productRef = 79C08D412CB421A90003EFF7 /* RealityKitContent */; };
		79C08D602CB423310003EFF7 /* SwiftKeychainWrapper in Frameworks */ = {isa = PBXBuildFile; productRef = 79C08D5F2CB423310003EFF7 /* SwiftKeychainWrapper */; };
		79C08D622CB423350003EFF7 /* Viewrito in Frameworks */ = {isa = PBXBuildFile; productRef = 79C08D612CB423350003EFF7 /* Viewrito */; };
		79C08D642CB4233F0003EFF7 /* SwiftKeychainWrapper in Frameworks */ = {isa = PBXBuildFile; productRef = 79C08D632CB4233F0003EFF7 /* SwiftKeychainWrapper */; };
		79C08D662CB4233F0003EFF7 /* Viewrito in Frameworks */ = {isa = PBXBuildFile; productRef = 79C08D652CB4233F0003EFF7 /* Viewrito */; };
		79C08D682CB4233F0003EFF7 /* ComposableArchitecture in Frameworks */ = {isa = PBXBuildFile; productRef = 79C08D672CB4233F0003EFF7 /* ComposableArchitecture */; };
		79DF7B2C2C02FF9D00ECF340 /* Viewrito in Frameworks */ = {isa = PBXBuildFile; productRef = 79DF7B2B2C02FF9D00ECF340 /* Viewrito */; };
		79DF7B2F2C03004D00ECF340 /* Viewrito in Frameworks */ = {isa = PBXBuildFile; productRef = 79DF7B2E2C03004D00ECF340 /* Viewrito */; };
		79DF7B522C03090F00ECF340 /* Viewrito in Frameworks */ = {isa = PBXBuildFile; productRef = 79DF7B512C03090F00ECF340 /* Viewrito */; };
		79E13EC12B05F3380067128A /* SwiftKeychainWrapper in Frameworks */ = {isa = PBXBuildFile; productRef = 79E13EC02B05F3380067128A /* SwiftKeychainWrapper */; };
/* End PBXBuildFile section */

/* Begin PBXFileReference section */
		796F421729C5FD4600FBFDF5 /* wordcounter.app */ = {isa = PBXFileReference; explicitFileType = wrapper.application; includeInIndex = 0; path = wordcounter.app; sourceTree = BUILT_PRODUCTS_DIR; };
		79C08D262CB421470003EFF7 /* WordCounter-iOS.app */ = {isa = PBXFileReference; explicitFileType = wrapper.application; includeInIndex = 0; path = "WordCounter-iOS.app"; sourceTree = BUILT_PRODUCTS_DIR; };
		79C08D3D2CB421A90003EFF7 /* WordCounter-visionOS.app */ = {isa = PBXFileReference; explicitFileType = wrapper.application; includeInIndex = 0; path = "WordCounter-visionOS.app"; sourceTree = BUILT_PRODUCTS_DIR; };
		79C08D402CB421A90003EFF7 /* RealityKitContent */ = {isa = PBXFileReference; lastKnownFileType = wrapper; path = RealityKitContent; sourceTree = "<group>"; };
/* End PBXFileReference section */

/* Begin PBXFileSystemSynchronizedBuildFileExceptionSet section */
		79C08D212CB4207D0003EFF7 /* PBXFileSystemSynchronizedBuildFileExceptionSet */ = {
			isa = PBXFileSystemSynchronizedBuildFileExceptionSet;
			membershipExceptions = (
				Info.plist,
			);
			target = 796F421629C5FD4600FBFDF5 /* wordcounter */;
		};
		79C08D4D2CB421AA0003EFF7 /* PBXFileSystemSynchronizedBuildFileExceptionSet */ = {
			isa = PBXFileSystemSynchronizedBuildFileExceptionSet;
			membershipExceptions = (
				Info.plist,
			);
			target = 79C08D3C2CB421A90003EFF7 /* WordCounter-visionOS */;
		};
/* End PBXFileSystemSynchronizedBuildFileExceptionSet section */

/* Begin PBXFileSystemSynchronizedRootGroup section */
		79C08D042CB4207D0003EFF7 /* wordcounter */ = {isa = PBXFileSystemSynchronizedRootGroup; exceptions = (79C08D212CB4207D0003EFF7 /* PBXFileSystemSynchronizedBuildFileExceptionSet */, ); explicitFileTypes = {}; explicitFolders = (); path = wordcounter; sourceTree = "<group>"; };
		79C08D272CB421470003EFF7 /* WordCounter-iOS */ = {isa = PBXFileSystemSynchronizedRootGroup; explicitFileTypes = {}; explicitFolders = (); path = "WordCounter-iOS"; sourceTree = "<group>"; };
		79C08D352CB4216F0003EFF7 /* Common */ = {isa = PBXFileSystemSynchronizedRootGroup; explicitFileTypes = {}; explicitFolders = (); path = Common; sourceTree = "<group>"; };
		79C08D3E2CB421A90003EFF7 /* WordCounter-visionOS */ = {isa = PBXFileSystemSynchronizedRootGroup; exceptions = (79C08D4D2CB421AA0003EFF7 /* PBXFileSystemSynchronizedBuildFileExceptionSet */, ); explicitFileTypes = {}; explicitFolders = (); path = "WordCounter-visionOS"; sourceTree = "<group>"; };
/* End PBXFileSystemSynchronizedRootGroup section */

/* Begin PBXFrameworksBuildPhase section */
		796F421429C5FD4600FBFDF5 /* Frameworks */ = {
			isa = PBXFrameworksBuildPhase;
			buildActionMask = 2147483647;
			files = (
				79E13EC12B05F3380067128A /* SwiftKeychainWrapper in Frameworks */,
				79DF7B522C03090F00ECF340 /* Viewrito in Frameworks */,
				79DF7B2F2C03004D00ECF340 /* Viewrito in Frameworks */,
				79DF7B2C2C02FF9D00ECF340 /* Viewrito in Frameworks */,
			);
			runOnlyForDeploymentPostprocessing = 0;
		};
		79C08D232CB421470003EFF7 /* Frameworks */ = {
			isa = PBXFrameworksBuildPhase;
			buildActionMask = 2147483647;
			files = (
				79C08D602CB423310003EFF7 /* SwiftKeychainWrapper in Frameworks */,
				79C08D622CB423350003EFF7 /* Viewrito in Frameworks */,
				79C08D382CB421800003EFF7 /* ComposableArchitecture in Frameworks */,
			);
			runOnlyForDeploymentPostprocessing = 0;
		};
		79C08D3A2CB421A90003EFF7 /* Frameworks */ = {
			isa = PBXFrameworksBuildPhase;
			buildActionMask = 2147483647;
			files = (
				79C08D642CB4233F0003EFF7 /* SwiftKeychainWrapper in Frameworks */,
				79C08D662CB4233F0003EFF7 /* Viewrito in Frameworks */,
				79C08D682CB4233F0003EFF7 /* ComposableArchitecture in Frameworks */,
				79C08D422CB421A90003EFF7 /* RealityKitContent in Frameworks */,
			);
			runOnlyForDeploymentPostprocessing = 0;
		};
/* End PBXFrameworksBuildPhase section */

/* Begin PBXGroup section */
		796F420E29C5FD4600FBFDF5 = {
			isa = PBXGroup;
			children = (
				79C08D352CB4216F0003EFF7 /* Common */,
				79C08D042CB4207D0003EFF7 /* wordcounter */,
				79C08D272CB421470003EFF7 /* WordCounter-iOS */,
				79C08D3E2CB421A90003EFF7 /* WordCounter-visionOS */,
				79C08D3F2CB421A90003EFF7 /* Packages */,
				79C08D5E2CB423310003EFF7 /* Frameworks */,
				796F421829C5FD4600FBFDF5 /* Products */,
			);
			sourceTree = "<group>";
		};
		796F421829C5FD4600FBFDF5 /* Products */ = {
			isa = PBXGroup;
			children = (
				796F421729C5FD4600FBFDF5 /* wordcounter.app */,
				79C08D262CB421470003EFF7 /* WordCounter-iOS.app */,
				79C08D3D2CB421A90003EFF7 /* WordCounter-visionOS.app */,
			);
			name = Products;
			sourceTree = "<group>";
		};
		79C08D3F2CB421A90003EFF7 /* Packages */ = {
			isa = PBXGroup;
			children = (
				79C08D402CB421A90003EFF7 /* RealityKitContent */,
			);
			path = Packages;
			sourceTree = "<group>";
		};
		79C08D5E2CB423310003EFF7 /* Frameworks */ = {
			isa = PBXGroup;
			children = (
			);
			name = Frameworks;
			sourceTree = "<group>";
		};
/* End PBXGroup section */

/* Begin PBXNativeTarget section */
		796F421629C5FD4600FBFDF5 /* wordcounter */ = {
			isa = PBXNativeTarget;
			buildConfigurationList = 796F422E29C5FD4800FBFDF5 /* Build configuration list for PBXNativeTarget "wordcounter" */;
			buildPhases = (
				796F421329C5FD4600FBFDF5 /* Sources */,
				796F421429C5FD4600FBFDF5 /* Frameworks */,
				796F421529C5FD4600FBFDF5 /* Resources */,
			);
			buildRules = (
			);
			dependencies = (
			);
			fileSystemSynchronizedGroups = (
				79C08D042CB4207D0003EFF7 /* wordcounter */,
			);
			name = wordcounter;
			packageProductDependencies = (
				79E13EC02B05F3380067128A /* SwiftKeychainWrapper */,
				79DF7B2B2C02FF9D00ECF340 /* Viewrito */,
				79DF7B2E2C03004D00ECF340 /* Viewrito */,
				79DF7B512C03090F00ECF340 /* Viewrito */,
			);
			productName = wordcounter;
			productReference = 796F421729C5FD4600FBFDF5 /* wordcounter.app */;
			productType = "com.apple.product-type.application";
		};
		79C08D252CB421470003EFF7 /* WordCounter-iOS */ = {
			isa = PBXNativeTarget;
			buildConfigurationList = 79C08D312CB421480003EFF7 /* Build configuration list for PBXNativeTarget "WordCounter-iOS" */;
			buildPhases = (
				79C08D222CB421470003EFF7 /* Sources */,
				79C08D232CB421470003EFF7 /* Frameworks */,
				79C08D242CB421470003EFF7 /* Resources */,
			);
			buildRules = (
			);
			dependencies = (
			);
			fileSystemSynchronizedGroups = (
				79C08D272CB421470003EFF7 /* WordCounter-iOS */,
				79C08D352CB4216F0003EFF7 /* Common */,
			);
			name = "WordCounter-iOS";
			packageProductDependencies = (
				79C08D372CB421800003EFF7 /* ComposableArchitecture */,
				79C08D5F2CB423310003EFF7 /* SwiftKeychainWrapper */,
				79C08D612CB423350003EFF7 /* Viewrito */,
			);
			productName = "WordCounter-iOS";
			productReference = 79C08D262CB421470003EFF7 /* WordCounter-iOS.app */;
			productType = "com.apple.product-type.application";
		};
		79C08D3C2CB421A90003EFF7 /* WordCounter-visionOS */ = {
			isa = PBXNativeTarget;
			buildConfigurationList = 79C08D4E2CB421AA0003EFF7 /* Build configuration list for PBXNativeTarget "WordCounter-visionOS" */;
			buildPhases = (
				79C08D392CB421A90003EFF7 /* Sources */,
				79C08D3A2CB421A90003EFF7 /* Frameworks */,
				79C08D3B2CB421A90003EFF7 /* Resources */,
			);
			buildRules = (
			);
			dependencies = (
			);
			fileSystemSynchronizedGroups = (
				79C08D3E2CB421A90003EFF7 /* WordCounter-visionOS */,
			);
			name = "WordCounter-visionOS";
			packageProductDependencies = (
				79C08D412CB421A90003EFF7 /* RealityKitContent */,
				79C08D632CB4233F0003EFF7 /* SwiftKeychainWrapper */,
				79C08D652CB4233F0003EFF7 /* Viewrito */,
				79C08D672CB4233F0003EFF7 /* ComposableArchitecture */,
			);
			productName = "WordCounter-visionOS";
			productReference = 79C08D3D2CB421A90003EFF7 /* WordCounter-visionOS.app */;
			productType = "com.apple.product-type.application";
		};
/* End PBXNativeTarget section */

/* Begin PBXProject section */
		796F420F29C5FD4600FBFDF5 /* Project object */ = {
			isa = PBXProject;
			attributes = {
				BuildIndependentTargetsInParallel = 1;
				LastSwiftUpdateCheck = 1600;
				LastUpgradeCheck = 1420;
				TargetAttributes = {
					796F421629C5FD4600FBFDF5 = {
						CreatedOnToolsVersion = 14.2;
					};
					79C08D252CB421470003EFF7 = {
						CreatedOnToolsVersion = 16.0;
					};
					79C08D3C2CB421A90003EFF7 = {
						CreatedOnToolsVersion = 16.0;
					};
				};
			};
			buildConfigurationList = 796F421229C5FD4600FBFDF5 /* Build configuration list for PBXProject "wordcounter" */;
			compatibilityVersion = "Xcode 14.0";
			developmentRegion = en;
			hasScannedForEncodings = 0;
			knownRegions = (
				en,
				Base,
				ko,
			);
			mainGroup = 796F420E29C5FD4600FBFDF5;
			packageReferences = (
				79E13EBF2B05F3380067128A /* XCRemoteSwiftPackageReference "SwiftKeychainWrapper" */,
				79DF7B502C03090F00ECF340 /* XCRemoteSwiftPackageReference "Viewrito" */,
				79C08D362CB421800003EFF7 /* XCRemoteSwiftPackageReference "swift-composable-architecture" */,
			);
			productRefGroup = 796F421829C5FD4600FBFDF5 /* Products */;
			projectDirPath = "";
			projectRoot = "";
			targets = (
				796F421629C5FD4600FBFDF5 /* wordcounter */,
				79C08D252CB421470003EFF7 /* WordCounter-iOS */,
				79C08D3C2CB421A90003EFF7 /* WordCounter-visionOS */,
			);
		};
/* End PBXProject section */

/* Begin PBXResourcesBuildPhase section */
		796F421529C5FD4600FBFDF5 /* Resources */ = {
			isa = PBXResourcesBuildPhase;
			buildActionMask = 2147483647;
			files = (
			);
			runOnlyForDeploymentPostprocessing = 0;
		};
		79C08D242CB421470003EFF7 /* Resources */ = {
			isa = PBXResourcesBuildPhase;
			buildActionMask = 2147483647;
			files = (
			);
			runOnlyForDeploymentPostprocessing = 0;
		};
		79C08D3B2CB421A90003EFF7 /* Resources */ = {
			isa = PBXResourcesBuildPhase;
			buildActionMask = 2147483647;
			files = (
			);
			runOnlyForDeploymentPostprocessing = 0;
		};
/* End PBXResourcesBuildPhase section */

/* Begin PBXSourcesBuildPhase section */
		796F421329C5FD4600FBFDF5 /* Sources */ = {
			isa = PBXSourcesBuildPhase;
			buildActionMask = 2147483647;
			files = (
			);
			runOnlyForDeploymentPostprocessing = 0;
		};
		79C08D222CB421470003EFF7 /* Sources */ = {
			isa = PBXSourcesBuildPhase;
			buildActionMask = 2147483647;
			files = (
			);
			runOnlyForDeploymentPostprocessing = 0;
		};
		79C08D392CB421A90003EFF7 /* Sources */ = {
			isa = PBXSourcesBuildPhase;
			buildActionMask = 2147483647;
			files = (
			);
			runOnlyForDeploymentPostprocessing = 0;
		};
/* End PBXSourcesBuildPhase section */

/* Begin XCBuildConfiguration section */
		796F422C29C5FD4800FBFDF5 /* Debug */ = {
			isa = XCBuildConfiguration;
			buildSettings = {
				ALWAYS_SEARCH_USER_PATHS = NO;
				CLANG_ANALYZER_LOCALIZABILITY_NONLOCALIZED = YES;
				CLANG_ANALYZER_NONNULL = YES;
				CLANG_ANALYZER_NUMBER_OBJECT_CONVERSION = YES_AGGRESSIVE;
				CLANG_CXX_LANGUAGE_STANDARD = "gnu++20";
				CLANG_ENABLE_MODULES = YES;
				CLANG_ENABLE_OBJC_ARC = YES;
				CLANG_ENABLE_OBJC_WEAK = YES;
				CLANG_WARN_BLOCK_CAPTURE_AUTORELEASING = YES;
				CLANG_WARN_BOOL_CONVERSION = YES;
				CLANG_WARN_COMMA = YES;
				CLANG_WARN_CONSTANT_CONVERSION = YES;
				CLANG_WARN_DEPRECATED_OBJC_IMPLEMENTATIONS = YES;
				CLANG_WARN_DIRECT_OBJC_ISA_USAGE = YES_ERROR;
				CLANG_WARN_DOCUMENTATION_COMMENTS = YES;
				CLANG_WARN_EMPTY_BODY = YES;
				CLANG_WARN_ENUM_CONVERSION = YES;
				CLANG_WARN_INFINITE_RECURSION = YES;
				CLANG_WARN_INT_CONVERSION = YES;
				CLANG_WARN_NON_LITERAL_NULL_CONVERSION = YES;
				CLANG_WARN_OBJC_IMPLICIT_RETAIN_SELF = YES;
				CLANG_WARN_OBJC_LITERAL_CONVERSION = YES;
				CLANG_WARN_OBJC_ROOT_CLASS = YES_ERROR;
				CLANG_WARN_QUOTED_INCLUDE_IN_FRAMEWORK_HEADER = YES;
				CLANG_WARN_RANGE_LOOP_ANALYSIS = YES;
				CLANG_WARN_STRICT_PROTOTYPES = YES;
				CLANG_WARN_SUSPICIOUS_MOVE = YES;
				CLANG_WARN_UNGUARDED_AVAILABILITY = YES_AGGRESSIVE;
				CLANG_WARN_UNREACHABLE_CODE = YES;
				CLANG_WARN__DUPLICATE_METHOD_MATCH = YES;
				COPY_PHASE_STRIP = NO;
				DEBUG_INFORMATION_FORMAT = dwarf;
				ENABLE_STRICT_OBJC_MSGSEND = YES;
				ENABLE_TESTABILITY = YES;
				GCC_C_LANGUAGE_STANDARD = gnu11;
				GCC_DYNAMIC_NO_PIC = NO;
				GCC_NO_COMMON_BLOCKS = YES;
				GCC_OPTIMIZATION_LEVEL = 0;
				GCC_PREPROCESSOR_DEFINITIONS = (
					"DEBUG=1",
					"$(inherited)",
				);
				GCC_WARN_64_TO_32_BIT_CONVERSION = YES;
				GCC_WARN_ABOUT_RETURN_TYPE = YES_ERROR;
				GCC_WARN_UNDECLARED_SELECTOR = YES;
				GCC_WARN_UNINITIALIZED_AUTOS = YES_AGGRESSIVE;
				GCC_WARN_UNUSED_FUNCTION = YES;
				GCC_WARN_UNUSED_VARIABLE = YES;
				IPHONEOS_DEPLOYMENT_TARGET = 16.0;
				LOCALIZATION_PREFERS_STRING_CATALOGS = YES;
				MTL_ENABLE_DEBUG_INFO = INCLUDE_SOURCE;
				MTL_FAST_MATH = YES;
				ONLY_ACTIVE_ARCH = YES;
				SDKROOT = iphoneos;
				SWIFT_ACTIVE_COMPILATION_CONDITIONS = DEBUG;
				SWIFT_EMIT_LOC_STRINGS = YES;
				SWIFT_OPTIMIZATION_LEVEL = "-Onone";
			};
			name = Debug;
		};
		796F422D29C5FD4800FBFDF5 /* Release */ = {
			isa = XCBuildConfiguration;
			buildSettings = {
				ALWAYS_SEARCH_USER_PATHS = NO;
				CLANG_ANALYZER_LOCALIZABILITY_NONLOCALIZED = YES;
				CLANG_ANALYZER_NONNULL = YES;
				CLANG_ANALYZER_NUMBER_OBJECT_CONVERSION = YES_AGGRESSIVE;
				CLANG_CXX_LANGUAGE_STANDARD = "gnu++20";
				CLANG_ENABLE_MODULES = YES;
				CLANG_ENABLE_OBJC_ARC = YES;
				CLANG_ENABLE_OBJC_WEAK = YES;
				CLANG_WARN_BLOCK_CAPTURE_AUTORELEASING = YES;
				CLANG_WARN_BOOL_CONVERSION = YES;
				CLANG_WARN_COMMA = YES;
				CLANG_WARN_CONSTANT_CONVERSION = YES;
				CLANG_WARN_DEPRECATED_OBJC_IMPLEMENTATIONS = YES;
				CLANG_WARN_DIRECT_OBJC_ISA_USAGE = YES_ERROR;
				CLANG_WARN_DOCUMENTATION_COMMENTS = YES;
				CLANG_WARN_EMPTY_BODY = YES;
				CLANG_WARN_ENUM_CONVERSION = YES;
				CLANG_WARN_INFINITE_RECURSION = YES;
				CLANG_WARN_INT_CONVERSION = YES;
				CLANG_WARN_NON_LITERAL_NULL_CONVERSION = YES;
				CLANG_WARN_OBJC_IMPLICIT_RETAIN_SELF = YES;
				CLANG_WARN_OBJC_LITERAL_CONVERSION = YES;
				CLANG_WARN_OBJC_ROOT_CLASS = YES_ERROR;
				CLANG_WARN_QUOTED_INCLUDE_IN_FRAMEWORK_HEADER = YES;
				CLANG_WARN_RANGE_LOOP_ANALYSIS = YES;
				CLANG_WARN_STRICT_PROTOTYPES = YES;
				CLANG_WARN_SUSPICIOUS_MOVE = YES;
				CLANG_WARN_UNGUARDED_AVAILABILITY = YES_AGGRESSIVE;
				CLANG_WARN_UNREACHABLE_CODE = YES;
				CLANG_WARN__DUPLICATE_METHOD_MATCH = YES;
				COPY_PHASE_STRIP = NO;
				DEBUG_INFORMATION_FORMAT = "dwarf-with-dsym";
				ENABLE_NS_ASSERTIONS = NO;
				ENABLE_STRICT_OBJC_MSGSEND = YES;
				GCC_C_LANGUAGE_STANDARD = gnu11;
				GCC_NO_COMMON_BLOCKS = YES;
				GCC_WARN_64_TO_32_BIT_CONVERSION = YES;
				GCC_WARN_ABOUT_RETURN_TYPE = YES_ERROR;
				GCC_WARN_UNDECLARED_SELECTOR = YES;
				GCC_WARN_UNINITIALIZED_AUTOS = YES_AGGRESSIVE;
				GCC_WARN_UNUSED_FUNCTION = YES;
				GCC_WARN_UNUSED_VARIABLE = YES;
				IPHONEOS_DEPLOYMENT_TARGET = 16.0;
				LOCALIZATION_PREFERS_STRING_CATALOGS = YES;
				MTL_ENABLE_DEBUG_INFO = NO;
				MTL_FAST_MATH = YES;
				SDKROOT = iphoneos;
				SWIFT_COMPILATION_MODE = wholemodule;
				SWIFT_EMIT_LOC_STRINGS = YES;
				SWIFT_OPTIMIZATION_LEVEL = "-O";
				VALIDATE_PRODUCT = YES;
			};
			name = Release;
		};
		796F422F29C5FD4800FBFDF5 /* Debug */ = {
			isa = XCBuildConfiguration;
			buildSettings = {
				ASSETCATALOG_COMPILER_APPICON_NAME = AppIcon;
				ASSETCATALOG_COMPILER_GLOBAL_ACCENT_COLOR_NAME = AccentColor;
				CODE_SIGN_ENTITLEMENTS = wordcounter/wordcounter.entitlements;
				CODE_SIGN_STYLE = Automatic;
				CURRENT_PROJECT_VERSION = 2023112000;
				DEVELOPMENT_TEAM = BDU85ET24K;
				GENERATE_INFOPLIST_FILE = YES;
				INFOPLIST_FILE = wordcounter/Info.plist;
				INFOPLIST_KEY_LSApplicationCategoryType = "public.app-category.utilities";
				INFOPLIST_KEY_UIApplicationSupportsIndirectInputEvents = YES;
				INFOPLIST_KEY_UILaunchScreen_Generation = YES;
				INFOPLIST_KEY_UISupportedInterfaceOrientations_iPad = "UIInterfaceOrientationPortrait UIInterfaceOrientationPortraitUpsideDown UIInterfaceOrientationLandscapeLeft UIInterfaceOrientationLandscapeRight";
				INFOPLIST_KEY_UISupportedInterfaceOrientations_iPhone = "UIInterfaceOrientationPortrait UIInterfaceOrientationLandscapeLeft UIInterfaceOrientationLandscapeRight";
				LD_RUNPATH_SEARCH_PATHS = (
					"$(inherited)",
					"@executable_path/Frameworks",
				);
				MARKETING_VERSION = 2.2.0;
				PRODUCT_BUNDLE_IDENTIFIER = com.mgchoi.wordcounter;
				PRODUCT_NAME = "$(TARGET_NAME)";
				SUPPORTED_PLATFORMS = "iphoneos iphonesimulator xros xrsimulator";
				SUPPORTS_MACCATALYST = NO;
				SUPPORTS_XR_DESIGNED_FOR_IPHONE_IPAD = NO;
				SWIFT_EMIT_LOC_STRINGS = YES;
				SWIFT_VERSION = 5.0;
				TARGETED_DEVICE_FAMILY = "1,2,7";
				XROS_DEPLOYMENT_TARGET = 1.0;
			};
			name = Debug;
		};
		796F423029C5FD4800FBFDF5 /* Release */ = {
			isa = XCBuildConfiguration;
			buildSettings = {
				ASSETCATALOG_COMPILER_APPICON_NAME = AppIcon;
				ASSETCATALOG_COMPILER_GLOBAL_ACCENT_COLOR_NAME = AccentColor;
				CODE_SIGN_ENTITLEMENTS = wordcounter/wordcounter.entitlements;
				CODE_SIGN_STYLE = Automatic;
				CURRENT_PROJECT_VERSION = 2023112000;
				DEVELOPMENT_TEAM = BDU85ET24K;
				GENERATE_INFOPLIST_FILE = YES;
				INFOPLIST_FILE = wordcounter/Info.plist;
				INFOPLIST_KEY_LSApplicationCategoryType = "public.app-category.utilities";
				INFOPLIST_KEY_UIApplicationSupportsIndirectInputEvents = YES;
				INFOPLIST_KEY_UILaunchScreen_Generation = YES;
				INFOPLIST_KEY_UISupportedInterfaceOrientations_iPad = "UIInterfaceOrientationPortrait UIInterfaceOrientationPortraitUpsideDown UIInterfaceOrientationLandscapeLeft UIInterfaceOrientationLandscapeRight";
				INFOPLIST_KEY_UISupportedInterfaceOrientations_iPhone = "UIInterfaceOrientationPortrait UIInterfaceOrientationLandscapeLeft UIInterfaceOrientationLandscapeRight";
				LD_RUNPATH_SEARCH_PATHS = (
					"$(inherited)",
					"@executable_path/Frameworks",
				);
				MARKETING_VERSION = 2.2.0;
				PRODUCT_BUNDLE_IDENTIFIER = com.mgchoi.wordcounter;
				PRODUCT_NAME = "$(TARGET_NAME)";
				SUPPORTED_PLATFORMS = "iphoneos iphonesimulator xros xrsimulator";
				SUPPORTS_MACCATALYST = NO;
				SUPPORTS_XR_DESIGNED_FOR_IPHONE_IPAD = NO;
				SWIFT_EMIT_LOC_STRINGS = YES;
				SWIFT_VERSION = 5.0;
				TARGETED_DEVICE_FAMILY = "1,2,7";
				XROS_DEPLOYMENT_TARGET = 1.0;
			};
			name = Release;
		};
		79C08D322CB421480003EFF7 /* Debug */ = {
			isa = XCBuildConfiguration;
			buildSettings = {
				ASSETCATALOG_COMPILER_APPICON_NAME = AppIcon;
				ASSETCATALOG_COMPILER_GENERATE_SWIFT_ASSET_SYMBOL_EXTENSIONS = YES;
				ASSETCATALOG_COMPILER_GLOBAL_ACCENT_COLOR_NAME = AccentColor;
				CODE_SIGN_STYLE = Automatic;
				CURRENT_PROJECT_VERSION = 1;
				DEVELOPMENT_ASSET_PATHS = "\"WordCounter-iOS/Preview Content\"";
				DEVELOPMENT_TEAM = BDU85ET24K;
				ENABLE_PREVIEWS = YES;
				ENABLE_USER_SCRIPT_SANDBOXING = YES;
				GCC_C_LANGUAGE_STANDARD = gnu17;
				GENERATE_INFOPLIST_FILE = YES;
				INFOPLIST_KEY_UIApplicationSceneManifest_Generation = YES;
				INFOPLIST_KEY_UIApplicationSupportsIndirectInputEvents = YES;
				INFOPLIST_KEY_UILaunchScreen_Generation = YES;
				INFOPLIST_KEY_UISupportedInterfaceOrientations_iPad = "UIInterfaceOrientationPortrait UIInterfaceOrientationPortraitUpsideDown UIInterfaceOrientationLandscapeLeft UIInterfaceOrientationLandscapeRight";
				INFOPLIST_KEY_UISupportedInterfaceOrientations_iPhone = "UIInterfaceOrientationPortrait UIInterfaceOrientationLandscapeLeft UIInterfaceOrientationLandscapeRight";
				IPHONEOS_DEPLOYMENT_TARGET = 17.6;
				LD_RUNPATH_SEARCH_PATHS = (
					"$(inherited)",
					"@executable_path/Frameworks",
				);
				MARKETING_VERSION = 1.0;
				PRODUCT_BUNDLE_IDENTIFIER = com.mgchoi.wordcounter;
				PRODUCT_NAME = "$(TARGET_NAME)";
				SUPPORTED_PLATFORMS = "iphoneos iphonesimulator";
				SUPPORTS_MACCATALYST = NO;
				SUPPORTS_XR_DESIGNED_FOR_IPHONE_IPAD = NO;
				SWIFT_ACTIVE_COMPILATION_CONDITIONS = "DEBUG $(inherited)";
				SWIFT_EMIT_LOC_STRINGS = YES;
				SWIFT_VERSION = 5.0;
				TARGETED_DEVICE_FAMILY = "1,2";
			};
			name = Debug;
		};
		79C08D332CB421480003EFF7 /* Release */ = {
			isa = XCBuildConfiguration;
			buildSettings = {
				ASSETCATALOG_COMPILER_APPICON_NAME = AppIcon;
				ASSETCATALOG_COMPILER_GENERATE_SWIFT_ASSET_SYMBOL_EXTENSIONS = YES;
				ASSETCATALOG_COMPILER_GLOBAL_ACCENT_COLOR_NAME = AccentColor;
				CODE_SIGN_STYLE = Automatic;
				CURRENT_PROJECT_VERSION = 1;
				DEVELOPMENT_ASSET_PATHS = "\"WordCounter-iOS/Preview Content\"";
				DEVELOPMENT_TEAM = BDU85ET24K;
				ENABLE_PREVIEWS = YES;
				ENABLE_USER_SCRIPT_SANDBOXING = YES;
				GCC_C_LANGUAGE_STANDARD = gnu17;
				GENERATE_INFOPLIST_FILE = YES;
				INFOPLIST_KEY_UIApplicationSceneManifest_Generation = YES;
				INFOPLIST_KEY_UIApplicationSupportsIndirectInputEvents = YES;
				INFOPLIST_KEY_UILaunchScreen_Generation = YES;
				INFOPLIST_KEY_UISupportedInterfaceOrientations_iPad = "UIInterfaceOrientationPortrait UIInterfaceOrientationPortraitUpsideDown UIInterfaceOrientationLandscapeLeft UIInterfaceOrientationLandscapeRight";
				INFOPLIST_KEY_UISupportedInterfaceOrientations_iPhone = "UIInterfaceOrientationPortrait UIInterfaceOrientationLandscapeLeft UIInterfaceOrientationLandscapeRight";
				IPHONEOS_DEPLOYMENT_TARGET = 17.6;
				LD_RUNPATH_SEARCH_PATHS = (
					"$(inherited)",
					"@executable_path/Frameworks",
				);
				MARKETING_VERSION = 1.0;
				PRODUCT_BUNDLE_IDENTIFIER = com.mgchoi.wordcounter;
				PRODUCT_NAME = "$(TARGET_NAME)";
				SUPPORTED_PLATFORMS = "iphoneos iphonesimulator";
				SUPPORTS_MACCATALYST = NO;
				SUPPORTS_XR_DESIGNED_FOR_IPHONE_IPAD = NO;
				SWIFT_EMIT_LOC_STRINGS = YES;
				SWIFT_VERSION = 5.0;
				TARGETED_DEVICE_FAMILY = "1,2";
			};
			name = Release;
		};
		79C08D4F2CB421AA0003EFF7 /* Debug */ = {
			isa = XCBuildConfiguration;
			buildSettings = {
				ASSETCATALOG_COMPILER_APPICON_NAME = AppIcon;
				ASSETCATALOG_COMPILER_GENERATE_SWIFT_ASSET_SYMBOL_EXTENSIONS = YES;
				ASSETCATALOG_COMPILER_GLOBAL_ACCENT_COLOR_NAME = AccentColor;
				CODE_SIGN_STYLE = Automatic;
				CURRENT_PROJECT_VERSION = 1;
				DEVELOPMENT_ASSET_PATHS = "\"WordCounter-visionOS/Preview Content\"";
				DEVELOPMENT_TEAM = BDU85ET24K;
				ENABLE_PREVIEWS = YES;
				ENABLE_USER_SCRIPT_SANDBOXING = YES;
				GCC_C_LANGUAGE_STANDARD = gnu17;
				GENERATE_INFOPLIST_FILE = YES;
				INFOPLIST_FILE = "$(TARGET_NAME)/Info.plist";
				LD_RUNPATH_SEARCH_PATHS = (
					"$(inherited)",
					"@executable_path/Frameworks",
				);
				MARKETING_VERSION = 1.0;
				PRODUCT_BUNDLE_IDENTIFIER = com.mgchoi.wordcounter;
				PRODUCT_NAME = "$(TARGET_NAME)";
				SDKROOT = xros;
				SUPPORTED_PLATFORMS = "xros xrsimulator";
				SWIFT_ACTIVE_COMPILATION_CONDITIONS = "DEBUG $(inherited)";
				SWIFT_EMIT_LOC_STRINGS = YES;
				SWIFT_VERSION = 5.0;
				TARGETED_DEVICE_FAMILY = 7;
				XROS_DEPLOYMENT_TARGET = 1.3;
			};
			name = Debug;
		};
		79C08D502CB421AA0003EFF7 /* Release */ = {
			isa = XCBuildConfiguration;
			buildSettings = {
				ASSETCATALOG_COMPILER_APPICON_NAME = AppIcon;
				ASSETCATALOG_COMPILER_GENERATE_SWIFT_ASSET_SYMBOL_EXTENSIONS = YES;
				ASSETCATALOG_COMPILER_GLOBAL_ACCENT_COLOR_NAME = AccentColor;
				CODE_SIGN_STYLE = Automatic;
				CURRENT_PROJECT_VERSION = 1;
				DEVELOPMENT_ASSET_PATHS = "\"WordCounter-visionOS/Preview Content\"";
				DEVELOPMENT_TEAM = BDU85ET24K;
				ENABLE_PREVIEWS = YES;
				ENABLE_USER_SCRIPT_SANDBOXING = YES;
				GCC_C_LANGUAGE_STANDARD = gnu17;
				GENERATE_INFOPLIST_FILE = YES;
				INFOPLIST_FILE = "$(TARGET_NAME)/Info.plist";
				LD_RUNPATH_SEARCH_PATHS = (
					"$(inherited)",
					"@executable_path/Frameworks",
				);
				MARKETING_VERSION = 1.0;
				PRODUCT_BUNDLE_IDENTIFIER = com.mgchoi.wordcounter;
				PRODUCT_NAME = "$(TARGET_NAME)";
				SDKROOT = xros;
				SUPPORTED_PLATFORMS = "xros xrsimulator";
				SWIFT_EMIT_LOC_STRINGS = YES;
				SWIFT_VERSION = 5.0;
				TARGETED_DEVICE_FAMILY = 7;
				XROS_DEPLOYMENT_TARGET = 1.3;
			};
			name = Release;
		};
/* End XCBuildConfiguration section */

/* Begin XCConfigurationList section */
		796F421229C5FD4600FBFDF5 /* Build configuration list for PBXProject "wordcounter" */ = {
			isa = XCConfigurationList;
			buildConfigurations = (
				796F422C29C5FD4800FBFDF5 /* Debug */,
				796F422D29C5FD4800FBFDF5 /* Release */,
			);
			defaultConfigurationIsVisible = 0;
			defaultConfigurationName = Release;
		};
		796F422E29C5FD4800FBFDF5 /* Build configuration list for PBXNativeTarget "wordcounter" */ = {
			isa = XCConfigurationList;
			buildConfigurations = (
				796F422F29C5FD4800FBFDF5 /* Debug */,
				796F423029C5FD4800FBFDF5 /* Release */,
			);
			defaultConfigurationIsVisible = 0;
			defaultConfigurationName = Release;
		};
		79C08D312CB421480003EFF7 /* Build configuration list for PBXNativeTarget "WordCounter-iOS" */ = {
			isa = XCConfigurationList;
			buildConfigurations = (
				79C08D322CB421480003EFF7 /* Debug */,
				79C08D332CB421480003EFF7 /* Release */,
			);
			defaultConfigurationIsVisible = 0;
			defaultConfigurationName = Release;
		};
		79C08D4E2CB421AA0003EFF7 /* Build configuration list for PBXNativeTarget "WordCounter-visionOS" */ = {
			isa = XCConfigurationList;
			buildConfigurations = (
				79C08D4F2CB421AA0003EFF7 /* Debug */,
				79C08D502CB421AA0003EFF7 /* Release */,
			);
			defaultConfigurationIsVisible = 0;
			defaultConfigurationName = Release;
		};
/* End XCConfigurationList section */

/* Begin XCRemoteSwiftPackageReference section */
		79C08D362CB421800003EFF7 /* XCRemoteSwiftPackageReference "swift-composable-architecture" */ = {
			isa = XCRemoteSwiftPackageReference;
			repositoryURL = "https://github.com/pointfreeco/swift-composable-architecture";
			requirement = {
				kind = exactVersion;
				version = 1.15.0;
			};
		};
		79DF7B502C03090F00ECF340 /* XCRemoteSwiftPackageReference "Viewrito" */ = {
			isa = XCRemoteSwiftPackageReference;
			repositoryURL = "https://github.com/mgdgc/Viewrito";
			requirement = {
				kind = exactVersion;
				version = 0.0.2;
			};
		};
		79E13EBF2B05F3380067128A /* XCRemoteSwiftPackageReference "SwiftKeychainWrapper" */ = {
			isa = XCRemoteSwiftPackageReference;
			repositoryURL = "https://github.com/jrendel/SwiftKeychainWrapper";
			requirement = {
				kind = exactVersion;
				version = 4.0.1;
			};
		};
/* End XCRemoteSwiftPackageReference section */

/* Begin XCSwiftPackageProductDependency section */
		79C08D372CB421800003EFF7 /* ComposableArchitecture */ = {
			isa = XCSwiftPackageProductDependency;
			package = 79C08D362CB421800003EFF7 /* XCRemoteSwiftPackageReference "swift-composable-architecture" */;
			productName = ComposableArchitecture;
		};
		79C08D412CB421A90003EFF7 /* RealityKitContent */ = {
			isa = XCSwiftPackageProductDependency;
			productName = RealityKitContent;
		};
		79C08D5F2CB423310003EFF7 /* SwiftKeychainWrapper */ = {
			isa = XCSwiftPackageProductDependency;
			package = 79E13EBF2B05F3380067128A /* XCRemoteSwiftPackageReference "SwiftKeychainWrapper" */;
			productName = SwiftKeychainWrapper;
		};
		79C08D612CB423350003EFF7 /* Viewrito */ = {
			isa = XCSwiftPackageProductDependency;
			package = 79DF7B502C03090F00ECF340 /* XCRemoteSwiftPackageReference "Viewrito" */;
			productName = Viewrito;
		};
		79C08D632CB4233F0003EFF7 /* SwiftKeychainWrapper */ = {
			isa = XCSwiftPackageProductDependency;
			package = 79E13EBF2B05F3380067128A /* XCRemoteSwiftPackageReference "SwiftKeychainWrapper" */;
			productName = SwiftKeychainWrapper;
		};
		79C08D652CB4233F0003EFF7 /* Viewrito */ = {
			isa = XCSwiftPackageProductDependency;
			package = 79DF7B502C03090F00ECF340 /* XCRemoteSwiftPackageReference "Viewrito" */;
			productName = Viewrito;
		};
		79C08D672CB4233F0003EFF7 /* ComposableArchitecture */ = {
			isa = XCSwiftPackageProductDependency;
			package = 79C08D362CB421800003EFF7 /* XCRemoteSwiftPackageReference "swift-composable-architecture" */;
			productName = ComposableArchitecture;
		};
		79DF7B2B2C02FF9D00ECF340 /* Viewrito */ = {
			isa = XCSwiftPackageProductDependency;
			productName = Viewrito;
		};
		79DF7B2E2C03004D00ECF340 /* Viewrito */ = {
			isa = XCSwiftPackageProductDependency;
			productName = Viewrito;
		};
		79DF7B512C03090F00ECF340 /* Viewrito */ = {
			isa = XCSwiftPackageProductDependency;
			package = 79DF7B502C03090F00ECF340 /* XCRemoteSwiftPackageReference "Viewrito" */;
			productName = Viewrito;
		};
		79E13EC02B05F3380067128A /* SwiftKeychainWrapper */ = {
			isa = XCSwiftPackageProductDependency;
			package = 79E13EBF2B05F3380067128A /* XCRemoteSwiftPackageReference "SwiftKeychainWrapper" */;
			productName = SwiftKeychainWrapper;
		};
/* End XCSwiftPackageProductDependency section */
	};
	rootObject = 796F420F29C5FD4600FBFDF5 /* Project object */;
}
