// !$*UTF8*$!
{
	archiveVersion = 1;
	classes = {
	};
	objectVersion = 56;
	objects = {

/* Begin PBXBuildFile section */
		794703B02ACF607D003FBFBA /* UserDefaultsKey.swift in Sources */ = {isa = PBXBuildFile; fileRef = 794703AF2ACF607D003FBFBA /* UserDefaultsKey.swift */; };
		796666812AD2764700F0B9D0 /* CloudPersistenceController.swift in Sources */ = {isa = PBXBuildFile; fileRef = 796666802AD2764700F0B9D0 /* CloudPersistenceController.swift */; };
		796F422529C5FD4600FBFDF5 /* wordcounter.xcdatamodeld in Sources */ = {isa = PBXBuildFile; fileRef = 796F422329C5FD4600FBFDF5 /* wordcounter.xcdatamodeld */; };
		796F422729C5FD4800FBFDF5 /* Assets.xcassets in Resources */ = {isa = PBXBuildFile; fileRef = 796F422629C5FD4800FBFDF5 /* Assets.xcassets */; };
		796F423A29C5FE6600FBFDF5 /* AppMain.swift in Sources */ = {isa = PBXBuildFile; fileRef = 796F423929C5FE6600FBFDF5 /* AppMain.swift */; };
		796F424529C6011300FBFDF5 /* ListView.swift in Sources */ = {isa = PBXBuildFile; fileRef = 796F424429C6011300FBFDF5 /* ListView.swift */; };
		796F424D29C608A500FBFDF5 /* InfoPlist.strings in Resources */ = {isa = PBXBuildFile; fileRef = 796F424F29C608A500FBFDF5 /* InfoPlist.strings */; };
		796F425129C608AE00FBFDF5 /* Localizable.strings in Resources */ = {isa = PBXBuildFile; fileRef = 796F425329C608AE00FBFDF5 /* Localizable.strings */; };
		796F425729C60D7A00FBFDF5 /* Writing+CoreDataClass.swift in Sources */ = {isa = PBXBuildFile; fileRef = 796F425529C60D7A00FBFDF5 /* Writing+CoreDataClass.swift */; };
		796F425829C60D7A00FBFDF5 /* Writing+CoreDataProperties.swift in Sources */ = {isa = PBXBuildFile; fileRef = 796F425629C60D7A00FBFDF5 /* Writing+CoreDataProperties.swift */; };
		796F425B29C60E6A00FBFDF5 /* PersistenceController.swift in Sources */ = {isa = PBXBuildFile; fileRef = 796F425A29C60E6A00FBFDF5 /* PersistenceController.swift */; };
		796F425D29C6103100FBFDF5 /* Log.swift in Sources */ = {isa = PBXBuildFile; fileRef = 796F425C29C6103100FBFDF5 /* Log.swift */; };
		796F425F29C610C800FBFDF5 /* DateExtension.swift in Sources */ = {isa = PBXBuildFile; fileRef = 796F425E29C610C800FBFDF5 /* DateExtension.swift */; };
		796F426629C61E1700FBFDF5 /* CounterView.swift in Sources */ = {isa = PBXBuildFile; fileRef = 796F426529C61E1700FBFDF5 /* CounterView.swift */; };
		796F428229C6230100FBFDF5 /* ic_symbol.png in Resources */ = {isa = PBXBuildFile; fileRef = 796F428129C6230100FBFDF5 /* ic_symbol.png */; };
		796F428429C6262200FBFDF5 /* SplitView.swift in Sources */ = {isa = PBXBuildFile; fileRef = 796F428329C6262200FBFDF5 /* SplitView.swift */; };
		798B084E29F495A7008BD853 /* ViewExtension.swift in Sources */ = {isa = PBXBuildFile; fileRef = 798B084D29F495A7008BD853 /* ViewExtension.swift */; };
		798B085029F495CD008BD853 /* ViewDidLoadModifier.swift in Sources */ = {isa = PBXBuildFile; fileRef = 798B084F29F495CD008BD853 /* ViewDidLoadModifier.swift */; };
		7995A23729C6C76C008370B5 /* Count.swift in Sources */ = {isa = PBXBuildFile; fileRef = 7995A23629C6C76C008370B5 /* Count.swift */; };
		7995A23D29C6DE80008370B5 /* StringExtension.swift in Sources */ = {isa = PBXBuildFile; fileRef = 7995A23C29C6DE80008370B5 /* StringExtension.swift */; };
		7995A24229C75180008370B5 /* SettingsView.swift in Sources */ = {isa = PBXBuildFile; fileRef = 7995A24129C75180008370B5 /* SettingsView.swift */; };
		79A9F9622B05E4690071D758 /* PasscodeView.swift in Sources */ = {isa = PBXBuildFile; fileRef = 79A9F9612B05E4690071D758 /* PasscodeView.swift */; };
		79E13EC12B05F3380067128A /* SwiftKeychainWrapper in Frameworks */ = {isa = PBXBuildFile; productRef = 79E13EC02B05F3380067128A /* SwiftKeychainWrapper */; };
		79E13EC32B05F5AC0067128A /* SwiftKeychainWrapper.swift in Sources */ = {isa = PBXBuildFile; fileRef = 79E13EC22B05F5AC0067128A /* SwiftKeychainWrapper.swift */; };
		79E13EC52B073A2C0067128A /* ColorExtension.swift in Sources */ = {isa = PBXBuildFile; fileRef = 79E13EC42B073A2C0067128A /* ColorExtension.swift */; };
		79E13EC72B0754F30067128A /* LicensesView.swift in Sources */ = {isa = PBXBuildFile; fileRef = 79E13EC62B0754F30067128A /* LicensesView.swift */; };
		79E13ECB2B084FB50067128A /* CounterInfoView.swift in Sources */ = {isa = PBXBuildFile; fileRef = 79E13ECA2B084FB50067128A /* CounterInfoView.swift */; };
/* End PBXBuildFile section */

/* Begin PBXFileReference section */
		794703AF2ACF607D003FBFBA /* UserDefaultsKey.swift */ = {isa = PBXFileReference; lastKnownFileType = sourcecode.swift; path = UserDefaultsKey.swift; sourceTree = "<group>"; };
		796666802AD2764700F0B9D0 /* CloudPersistenceController.swift */ = {isa = PBXFileReference; lastKnownFileType = sourcecode.swift; path = CloudPersistenceController.swift; sourceTree = "<group>"; };
		796F421729C5FD4600FBFDF5 /* wordcounter.app */ = {isa = PBXFileReference; explicitFileType = wrapper.application; includeInIndex = 0; path = wordcounter.app; sourceTree = BUILT_PRODUCTS_DIR; };
		796F422429C5FD4600FBFDF5 /* wordcounter.xcdatamodel */ = {isa = PBXFileReference; lastKnownFileType = wrapper.xcdatamodel; path = wordcounter.xcdatamodel; sourceTree = "<group>"; };
		796F422629C5FD4800FBFDF5 /* Assets.xcassets */ = {isa = PBXFileReference; lastKnownFileType = folder.assetcatalog; path = Assets.xcassets; sourceTree = "<group>"; };
		796F422B29C5FD4800FBFDF5 /* Info.plist */ = {isa = PBXFileReference; lastKnownFileType = text.plist.xml; path = Info.plist; sourceTree = "<group>"; };
		796F423929C5FE6600FBFDF5 /* AppMain.swift */ = {isa = PBXFileReference; lastKnownFileType = sourcecode.swift; path = AppMain.swift; sourceTree = "<group>"; };
		796F424429C6011300FBFDF5 /* ListView.swift */ = {isa = PBXFileReference; lastKnownFileType = sourcecode.swift; path = ListView.swift; sourceTree = "<group>"; };
		796F424E29C608A500FBFDF5 /* en */ = {isa = PBXFileReference; lastKnownFileType = text.plist.strings; name = en; path = en.lproj/InfoPlist.strings; sourceTree = "<group>"; };
		796F425029C608A600FBFDF5 /* ko */ = {isa = PBXFileReference; lastKnownFileType = text.plist.strings; name = ko; path = ko.lproj/InfoPlist.strings; sourceTree = "<group>"; };
		796F425229C608AE00FBFDF5 /* en */ = {isa = PBXFileReference; lastKnownFileType = text.plist.strings; name = en; path = en.lproj/Localizable.strings; sourceTree = "<group>"; };
		796F425429C608B100FBFDF5 /* ko */ = {isa = PBXFileReference; lastKnownFileType = text.plist.strings; name = ko; path = ko.lproj/Localizable.strings; sourceTree = "<group>"; };
		796F425529C60D7A00FBFDF5 /* Writing+CoreDataClass.swift */ = {isa = PBXFileReference; lastKnownFileType = sourcecode.swift; path = "Writing+CoreDataClass.swift"; sourceTree = "<group>"; };
		796F425629C60D7A00FBFDF5 /* Writing+CoreDataProperties.swift */ = {isa = PBXFileReference; lastKnownFileType = sourcecode.swift; path = "Writing+CoreDataProperties.swift"; sourceTree = "<group>"; };
		796F425A29C60E6A00FBFDF5 /* PersistenceController.swift */ = {isa = PBXFileReference; lastKnownFileType = sourcecode.swift; path = PersistenceController.swift; sourceTree = "<group>"; };
		796F425C29C6103100FBFDF5 /* Log.swift */ = {isa = PBXFileReference; lastKnownFileType = sourcecode.swift; path = Log.swift; sourceTree = "<group>"; };
		796F425E29C610C800FBFDF5 /* DateExtension.swift */ = {isa = PBXFileReference; lastKnownFileType = sourcecode.swift; path = DateExtension.swift; sourceTree = "<group>"; };
		796F426229C6162900FBFDF5 /* wordcounter.entitlements */ = {isa = PBXFileReference; lastKnownFileType = text.plist.entitlements; path = wordcounter.entitlements; sourceTree = "<group>"; };
		796F426529C61E1700FBFDF5 /* CounterView.swift */ = {isa = PBXFileReference; lastKnownFileType = sourcecode.swift; path = CounterView.swift; sourceTree = "<group>"; };
		796F428129C6230100FBFDF5 /* ic_symbol.png */ = {isa = PBXFileReference; lastKnownFileType = image.png; path = ic_symbol.png; sourceTree = "<group>"; };
		796F428329C6262200FBFDF5 /* SplitView.swift */ = {isa = PBXFileReference; lastKnownFileType = sourcecode.swift; path = SplitView.swift; sourceTree = "<group>"; };
		798B084D29F495A7008BD853 /* ViewExtension.swift */ = {isa = PBXFileReference; lastKnownFileType = sourcecode.swift; path = ViewExtension.swift; sourceTree = "<group>"; };
		798B084F29F495CD008BD853 /* ViewDidLoadModifier.swift */ = {isa = PBXFileReference; lastKnownFileType = sourcecode.swift; path = ViewDidLoadModifier.swift; sourceTree = "<group>"; };
		7995A23629C6C76C008370B5 /* Count.swift */ = {isa = PBXFileReference; lastKnownFileType = sourcecode.swift; path = Count.swift; sourceTree = "<group>"; };
		7995A23C29C6DE80008370B5 /* StringExtension.swift */ = {isa = PBXFileReference; lastKnownFileType = sourcecode.swift; path = StringExtension.swift; sourceTree = "<group>"; };
		7995A24129C75180008370B5 /* SettingsView.swift */ = {isa = PBXFileReference; lastKnownFileType = sourcecode.swift; path = SettingsView.swift; sourceTree = "<group>"; };
		79A9F9612B05E4690071D758 /* PasscodeView.swift */ = {isa = PBXFileReference; lastKnownFileType = sourcecode.swift; path = PasscodeView.swift; sourceTree = "<group>"; };
		79E13EC22B05F5AC0067128A /* SwiftKeychainWrapper.swift */ = {isa = PBXFileReference; lastKnownFileType = sourcecode.swift; path = SwiftKeychainWrapper.swift; sourceTree = "<group>"; };
		79E13EC42B073A2C0067128A /* ColorExtension.swift */ = {isa = PBXFileReference; lastKnownFileType = sourcecode.swift; path = ColorExtension.swift; sourceTree = "<group>"; };
		79E13EC62B0754F30067128A /* LicensesView.swift */ = {isa = PBXFileReference; lastKnownFileType = sourcecode.swift; path = LicensesView.swift; sourceTree = "<group>"; };
		79E13ECA2B084FB50067128A /* CounterInfoView.swift */ = {isa = PBXFileReference; lastKnownFileType = sourcecode.swift; path = CounterInfoView.swift; sourceTree = "<group>"; };
/* End PBXFileReference section */

/* Begin PBXFrameworksBuildPhase section */
		796F421429C5FD4600FBFDF5 /* Frameworks */ = {
			isa = PBXFrameworksBuildPhase;
			buildActionMask = 2147483647;
			files = (
				79E13EC12B05F3380067128A /* SwiftKeychainWrapper in Frameworks */,
			);
			runOnlyForDeploymentPostprocessing = 0;
		};
/* End PBXFrameworksBuildPhase section */

/* Begin PBXGroup section */
		794703B12ACF60EB003FBFBA /* view */ = {
			isa = PBXGroup;
			children = (
				79A9F9612B05E4690071D758 /* PasscodeView.swift */,
				796F428329C6262200FBFDF5 /* SplitView.swift */,
				796F424429C6011300FBFDF5 /* ListView.swift */,
				796F426529C61E1700FBFDF5 /* CounterView.swift */,
				79E13ECA2B084FB50067128A /* CounterInfoView.swift */,
				794703B22ACF60F4003FBFBA /* settings */,
			);
			path = view;
			sourceTree = "<group>";
		};
		794703B22ACF60F4003FBFBA /* settings */ = {
			isa = PBXGroup;
			children = (
				7995A24129C75180008370B5 /* SettingsView.swift */,
				79E13EC62B0754F30067128A /* LicensesView.swift */,
			);
			path = settings;
			sourceTree = "<group>";
		};
		796F420E29C5FD4600FBFDF5 = {
			isa = PBXGroup;
			children = (
				796F421929C5FD4600FBFDF5 /* wordcounter */,
				796F421829C5FD4600FBFDF5 /* Products */,
			);
			sourceTree = "<group>";
		};
		796F421829C5FD4600FBFDF5 /* Products */ = {
			isa = PBXGroup;
			children = (
				796F421729C5FD4600FBFDF5 /* wordcounter.app */,
			);
			name = Products;
			sourceTree = "<group>";
		};
		796F421929C5FD4600FBFDF5 /* wordcounter */ = {
			isa = PBXGroup;
			children = (
				796F426229C6162900FBFDF5 /* wordcounter.entitlements */,
				796F424629C6062600FBFDF5 /* raw */,
				796F422B29C5FD4800FBFDF5 /* Info.plist */,
				796F424F29C608A500FBFDF5 /* InfoPlist.strings */,
				796F425329C608AE00FBFDF5 /* Localizable.strings */,
				796F422629C5FD4800FBFDF5 /* Assets.xcassets */,
				796F422329C5FD4600FBFDF5 /* wordcounter.xcdatamodeld */,
				796F423929C5FE6600FBFDF5 /* AppMain.swift */,
				796F426129C611CD00FBFDF5 /* tools */,
				796F426029C611BB00FBFDF5 /* extensions */,
				796F425929C60D8600FBFDF5 /* data */,
				7995A23E29C750E4008370B5 /* model */,
				794703B12ACF60EB003FBFBA /* view */,
			);
			path = wordcounter;
			sourceTree = "<group>";
		};
		796F424629C6062600FBFDF5 /* raw */ = {
			isa = PBXGroup;
			children = (
				796F428129C6230100FBFDF5 /* ic_symbol.png */,
			);
			path = raw;
			sourceTree = "<group>";
		};
		796F425929C60D8600FBFDF5 /* data */ = {
			isa = PBXGroup;
			children = (
				796F425A29C60E6A00FBFDF5 /* PersistenceController.swift */,
				796666802AD2764700F0B9D0 /* CloudPersistenceController.swift */,
				796F425529C60D7A00FBFDF5 /* Writing+CoreDataClass.swift */,
				796F425629C60D7A00FBFDF5 /* Writing+CoreDataProperties.swift */,
			);
			path = data;
			sourceTree = "<group>";
		};
		796F426029C611BB00FBFDF5 /* extensions */ = {
			isa = PBXGroup;
			children = (
				794703AF2ACF607D003FBFBA /* UserDefaultsKey.swift */,
				798B084D29F495A7008BD853 /* ViewExtension.swift */,
				796F425E29C610C800FBFDF5 /* DateExtension.swift */,
				7995A23C29C6DE80008370B5 /* StringExtension.swift */,
				798B084F29F495CD008BD853 /* ViewDidLoadModifier.swift */,
				79E13EC22B05F5AC0067128A /* SwiftKeychainWrapper.swift */,
				79E13EC42B073A2C0067128A /* ColorExtension.swift */,
			);
			path = extensions;
			sourceTree = "<group>";
		};
		796F426129C611CD00FBFDF5 /* tools */ = {
			isa = PBXGroup;
			children = (
				796F425C29C6103100FBFDF5 /* Log.swift */,
			);
			path = tools;
			sourceTree = "<group>";
		};
		7995A23E29C750E4008370B5 /* model */ = {
			isa = PBXGroup;
			children = (
				7995A23629C6C76C008370B5 /* Count.swift */,
			);
			path = model;
			sourceTree = "<group>";
		};
/* End PBXGroup section */

/* Begin PBXNativeTarget section */
		796F421629C5FD4600FBFDF5 /* wordcounter */ = {
			isa = PBXNativeTarget;
			buildConfigurationList = 796F422E29C5FD4800FBFDF5 /* Build configuration list for PBXNativeTarget "wordcounter" */;
			buildPhases = (
				796F421329C5FD4600FBFDF5 /* Sources */,
				796F421429C5FD4600FBFDF5 /* Frameworks */,
				796F421529C5FD4600FBFDF5 /* Resources */,
			);
			buildRules = (
			);
			dependencies = (
			);
			name = wordcounter;
			packageProductDependencies = (
				79E13EC02B05F3380067128A /* SwiftKeychainWrapper */,
			);
			productName = wordcounter;
			productReference = 796F421729C5FD4600FBFDF5 /* wordcounter.app */;
			productType = "com.apple.product-type.application";
		};
/* End PBXNativeTarget section */

/* Begin PBXProject section */
		796F420F29C5FD4600FBFDF5 /* Project object */ = {
			isa = PBXProject;
			attributes = {
				BuildIndependentTargetsInParallel = 1;
				LastSwiftUpdateCheck = 1420;
				LastUpgradeCheck = 1420;
				TargetAttributes = {
					796F421629C5FD4600FBFDF5 = {
						CreatedOnToolsVersion = 14.2;
					};
				};
			};
			buildConfigurationList = 796F421229C5FD4600FBFDF5 /* Build configuration list for PBXProject "wordcounter" */;
			compatibilityVersion = "Xcode 14.0";
			developmentRegion = en;
			hasScannedForEncodings = 0;
			knownRegions = (
				en,
				Base,
				ko,
			);
			mainGroup = 796F420E29C5FD4600FBFDF5;
			packageReferences = (
				79E13EBF2B05F3380067128A /* XCRemoteSwiftPackageReference "SwiftKeychainWrapper" */,
			);
			productRefGroup = 796F421829C5FD4600FBFDF5 /* Products */;
			projectDirPath = "";
			projectRoot = "";
			targets = (
				796F421629C5FD4600FBFDF5 /* wordcounter */,
			);
		};
/* End PBXProject section */

/* Begin PBXResourcesBuildPhase section */
		796F421529C5FD4600FBFDF5 /* Resources */ = {
			isa = PBXResourcesBuildPhase;
			buildActionMask = 2147483647;
			files = (
				796F425129C608AE00FBFDF5 /* Localizable.strings in Resources */,
				796F428229C6230100FBFDF5 /* ic_symbol.png in Resources */,
				796F422729C5FD4800FBFDF5 /* Assets.xcassets in Resources */,
				796F424D29C608A500FBFDF5 /* InfoPlist.strings in Resources */,
			);
			runOnlyForDeploymentPostprocessing = 0;
		};
/* End PBXResourcesBuildPhase section */

/* Begin PBXSourcesBuildPhase section */
		796F421329C5FD4600FBFDF5 /* Sources */ = {
			isa = PBXSourcesBuildPhase;
			buildActionMask = 2147483647;
			files = (
				79E13EC72B0754F30067128A /* LicensesView.swift in Sources */,
				794703B02ACF607D003FBFBA /* UserDefaultsKey.swift in Sources */,
				798B085029F495CD008BD853 /* ViewDidLoadModifier.swift in Sources */,
				796F425F29C610C800FBFDF5 /* DateExtension.swift in Sources */,
				79E13EC32B05F5AC0067128A /* SwiftKeychainWrapper.swift in Sources */,
				79E13ECB2B084FB50067128A /* CounterInfoView.swift in Sources */,
				796F422529C5FD4600FBFDF5 /* wordcounter.xcdatamodeld in Sources */,
				796F425D29C6103100FBFDF5 /* Log.swift in Sources */,
				796F424529C6011300FBFDF5 /* ListView.swift in Sources */,
				79A9F9622B05E4690071D758 /* PasscodeView.swift in Sources */,
				796F425B29C60E6A00FBFDF5 /* PersistenceController.swift in Sources */,
				796F428429C6262200FBFDF5 /* SplitView.swift in Sources */,
				7995A24229C75180008370B5 /* SettingsView.swift in Sources */,
				796666812AD2764700F0B9D0 /* CloudPersistenceController.swift in Sources */,
				796F425829C60D7A00FBFDF5 /* Writing+CoreDataProperties.swift in Sources */,
				796F425729C60D7A00FBFDF5 /* Writing+CoreDataClass.swift in Sources */,
				7995A23D29C6DE80008370B5 /* StringExtension.swift in Sources */,
				798B084E29F495A7008BD853 /* ViewExtension.swift in Sources */,
				796F423A29C5FE6600FBFDF5 /* AppMain.swift in Sources */,
				7995A23729C6C76C008370B5 /* Count.swift in Sources */,
				796F426629C61E1700FBFDF5 /* CounterView.swift in Sources */,
				79E13EC52B073A2C0067128A /* ColorExtension.swift in Sources */,
			);
			runOnlyForDeploymentPostprocessing = 0;
		};
/* End PBXSourcesBuildPhase section */

/* Begin PBXVariantGroup section */
		796F424F29C608A500FBFDF5 /* InfoPlist.strings */ = {
			isa = PBXVariantGroup;
			children = (
				796F424E29C608A500FBFDF5 /* en */,
				796F425029C608A600FBFDF5 /* ko */,
			);
			name = InfoPlist.strings;
			sourceTree = "<group>";
		};
		796F425329C608AE00FBFDF5 /* Localizable.strings */ = {
			isa = PBXVariantGroup;
			children = (
				796F425229C608AE00FBFDF5 /* en */,
				796F425429C608B100FBFDF5 /* ko */,
			);
			name = Localizable.strings;
			sourceTree = "<group>";
		};
/* End PBXVariantGroup section */

/* Begin XCBuildConfiguration section */
		796F422C29C5FD4800FBFDF5 /* Debug */ = {
			isa = XCBuildConfiguration;
			buildSettings = {
				ALWAYS_SEARCH_USER_PATHS = NO;
				CLANG_ANALYZER_LOCALIZABILITY_NONLOCALIZED = YES;
				CLANG_ANALYZER_NONNULL = YES;
				CLANG_ANALYZER_NUMBER_OBJECT_CONVERSION = YES_AGGRESSIVE;
				CLANG_CXX_LANGUAGE_STANDARD = "gnu++20";
				CLANG_ENABLE_MODULES = YES;
				CLANG_ENABLE_OBJC_ARC = YES;
				CLANG_ENABLE_OBJC_WEAK = YES;
				CLANG_WARN_BLOCK_CAPTURE_AUTORELEASING = YES;
				CLANG_WARN_BOOL_CONVERSION = YES;
				CLANG_WARN_COMMA = YES;
				CLANG_WARN_CONSTANT_CONVERSION = YES;
				CLANG_WARN_DEPRECATED_OBJC_IMPLEMENTATIONS = YES;
				CLANG_WARN_DIRECT_OBJC_ISA_USAGE = YES_ERROR;
				CLANG_WARN_DOCUMENTATION_COMMENTS = YES;
				CLANG_WARN_EMPTY_BODY = YES;
				CLANG_WARN_ENUM_CONVERSION = YES;
				CLANG_WARN_INFINITE_RECURSION = YES;
				CLANG_WARN_INT_CONVERSION = YES;
				CLANG_WARN_NON_LITERAL_NULL_CONVERSION = YES;
				CLANG_WARN_OBJC_IMPLICIT_RETAIN_SELF = YES;
				CLANG_WARN_OBJC_LITERAL_CONVERSION = YES;
				CLANG_WARN_OBJC_ROOT_CLASS = YES_ERROR;
				CLANG_WARN_QUOTED_INCLUDE_IN_FRAMEWORK_HEADER = YES;
				CLANG_WARN_RANGE_LOOP_ANALYSIS = YES;
				CLANG_WARN_STRICT_PROTOTYPES = YES;
				CLANG_WARN_SUSPICIOUS_MOVE = YES;
				CLANG_WARN_UNGUARDED_AVAILABILITY = YES_AGGRESSIVE;
				CLANG_WARN_UNREACHABLE_CODE = YES;
				CLANG_WARN__DUPLICATE_METHOD_MATCH = YES;
				COPY_PHASE_STRIP = NO;
				DEBUG_INFORMATION_FORMAT = dwarf;
				ENABLE_STRICT_OBJC_MSGSEND = YES;
				ENABLE_TESTABILITY = YES;
				GCC_C_LANGUAGE_STANDARD = gnu11;
				GCC_DYNAMIC_NO_PIC = NO;
				GCC_NO_COMMON_BLOCKS = YES;
				GCC_OPTIMIZATION_LEVEL = 0;
				GCC_PREPROCESSOR_DEFINITIONS = (
					"DEBUG=1",
					"$(inherited)",
				);
				GCC_WARN_64_TO_32_BIT_CONVERSION = YES;
				GCC_WARN_ABOUT_RETURN_TYPE = YES_ERROR;
				GCC_WARN_UNDECLARED_SELECTOR = YES;
				GCC_WARN_UNINITIALIZED_AUTOS = YES_AGGRESSIVE;
				GCC_WARN_UNUSED_FUNCTION = YES;
				GCC_WARN_UNUSED_VARIABLE = YES;
				IPHONEOS_DEPLOYMENT_TARGET = 16.0;
				MTL_ENABLE_DEBUG_INFO = INCLUDE_SOURCE;
				MTL_FAST_MATH = YES;
				ONLY_ACTIVE_ARCH = YES;
				SDKROOT = iphoneos;
				SWIFT_ACTIVE_COMPILATION_CONDITIONS = DEBUG;
				SWIFT_OPTIMIZATION_LEVEL = "-Onone";
			};
			name = Debug;
		};
		796F422D29C5FD4800FBFDF5 /* Release */ = {
			isa = XCBuildConfiguration;
			buildSettings = {
				ALWAYS_SEARCH_USER_PATHS = NO;
				CLANG_ANALYZER_LOCALIZABILITY_NONLOCALIZED = YES;
				CLANG_ANALYZER_NONNULL = YES;
				CLANG_ANALYZER_NUMBER_OBJECT_CONVERSION = YES_AGGRESSIVE;
				CLANG_CXX_LANGUAGE_STANDARD = "gnu++20";
				CLANG_ENABLE_MODULES = YES;
				CLANG_ENABLE_OBJC_ARC = YES;
				CLANG_ENABLE_OBJC_WEAK = YES;
				CLANG_WARN_BLOCK_CAPTURE_AUTORELEASING = YES;
				CLANG_WARN_BOOL_CONVERSION = YES;
				CLANG_WARN_COMMA = YES;
				CLANG_WARN_CONSTANT_CONVERSION = YES;
				CLANG_WARN_DEPRECATED_OBJC_IMPLEMENTATIONS = YES;
				CLANG_WARN_DIRECT_OBJC_ISA_USAGE = YES_ERROR;
				CLANG_WARN_DOCUMENTATION_COMMENTS = YES;
				CLANG_WARN_EMPTY_BODY = YES;
				CLANG_WARN_ENUM_CONVERSION = YES;
				CLANG_WARN_INFINITE_RECURSION = YES;
				CLANG_WARN_INT_CONVERSION = YES;
				CLANG_WARN_NON_LITERAL_NULL_CONVERSION = YES;
				CLANG_WARN_OBJC_IMPLICIT_RETAIN_SELF = YES;
				CLANG_WARN_OBJC_LITERAL_CONVERSION = YES;
				CLANG_WARN_OBJC_ROOT_CLASS = YES_ERROR;
				CLANG_WARN_QUOTED_INCLUDE_IN_FRAMEWORK_HEADER = YES;
				CLANG_WARN_RANGE_LOOP_ANALYSIS = YES;
				CLANG_WARN_STRICT_PROTOTYPES = YES;
				CLANG_WARN_SUSPICIOUS_MOVE = YES;
				CLANG_WARN_UNGUARDED_AVAILABILITY = YES_AGGRESSIVE;
				CLANG_WARN_UNREACHABLE_CODE = YES;
				CLANG_WARN__DUPLICATE_METHOD_MATCH = YES;
				COPY_PHASE_STRIP = NO;
				DEBUG_INFORMATION_FORMAT = "dwarf-with-dsym";
				ENABLE_NS_ASSERTIONS = NO;
				ENABLE_STRICT_OBJC_MSGSEND = YES;
				GCC_C_LANGUAGE_STANDARD = gnu11;
				GCC_NO_COMMON_BLOCKS = YES;
				GCC_WARN_64_TO_32_BIT_CONVERSION = YES;
				GCC_WARN_ABOUT_RETURN_TYPE = YES_ERROR;
				GCC_WARN_UNDECLARED_SELECTOR = YES;
				GCC_WARN_UNINITIALIZED_AUTOS = YES_AGGRESSIVE;
				GCC_WARN_UNUSED_FUNCTION = YES;
				GCC_WARN_UNUSED_VARIABLE = YES;
				IPHONEOS_DEPLOYMENT_TARGET = 16.0;
				MTL_ENABLE_DEBUG_INFO = NO;
				MTL_FAST_MATH = YES;
				SDKROOT = iphoneos;
				SWIFT_COMPILATION_MODE = wholemodule;
				SWIFT_OPTIMIZATION_LEVEL = "-O";
				VALIDATE_PRODUCT = YES;
			};
			name = Release;
		};
		796F422F29C5FD4800FBFDF5 /* Debug */ = {
			isa = XCBuildConfiguration;
			buildSettings = {
				ASSETCATALOG_COMPILER_APPICON_NAME = AppIcon;
				ASSETCATALOG_COMPILER_GLOBAL_ACCENT_COLOR_NAME = AccentColor;
				CODE_SIGN_ENTITLEMENTS = wordcounter/wordcounter.entitlements;
				CODE_SIGN_STYLE = Automatic;
				CURRENT_PROJECT_VERSION = 2023111800;
				DEVELOPMENT_TEAM = BDU85ET24K;
				GENERATE_INFOPLIST_FILE = YES;
				INFOPLIST_FILE = wordcounter/Info.plist;
				INFOPLIST_KEY_LSApplicationCategoryType = "public.app-category.utilities";
				INFOPLIST_KEY_UIApplicationSupportsIndirectInputEvents = YES;
				INFOPLIST_KEY_UILaunchScreen_Generation = YES;
				INFOPLIST_KEY_UISupportedInterfaceOrientations_iPad = "UIInterfaceOrientationPortrait UIInterfaceOrientationPortraitUpsideDown UIInterfaceOrientationLandscapeLeft UIInterfaceOrientationLandscapeRight";
				INFOPLIST_KEY_UISupportedInterfaceOrientations_iPhone = "UIInterfaceOrientationPortrait UIInterfaceOrientationLandscapeLeft UIInterfaceOrientationLandscapeRight";
				LD_RUNPATH_SEARCH_PATHS = (
					"$(inherited)",
					"@executable_path/Frameworks",
				);
				MARKETING_VERSION = 2.1.1;
				PRODUCT_BUNDLE_IDENTIFIER = com.mgchoi.wordcounter;
				PRODUCT_NAME = "$(TARGET_NAME)";
				SWIFT_EMIT_LOC_STRINGS = YES;
				SWIFT_VERSION = 5.0;
				TARGETED_DEVICE_FAMILY = "1,2";
			};
			name = Debug;
		};
		796F423029C5FD4800FBFDF5 /* Release */ = {
			isa = XCBuildConfiguration;
			buildSettings = {
				ASSETCATALOG_COMPILER_APPICON_NAME = AppIcon;
				ASSETCATALOG_COMPILER_GLOBAL_ACCENT_COLOR_NAME = AccentColor;
				CODE_SIGN_ENTITLEMENTS = wordcounter/wordcounter.entitlements;
				CODE_SIGN_STYLE = Automatic;
				CURRENT_PROJECT_VERSION = 2023111800;
				DEVELOPMENT_TEAM = BDU85ET24K;
				GENERATE_INFOPLIST_FILE = YES;
				INFOPLIST_FILE = wordcounter/Info.plist;
				INFOPLIST_KEY_LSApplicationCategoryType = "public.app-category.utilities";
				INFOPLIST_KEY_UIApplicationSupportsIndirectInputEvents = YES;
				INFOPLIST_KEY_UILaunchScreen_Generation = YES;
				INFOPLIST_KEY_UISupportedInterfaceOrientations_iPad = "UIInterfaceOrientationPortrait UIInterfaceOrientationPortraitUpsideDown UIInterfaceOrientationLandscapeLeft UIInterfaceOrientationLandscapeRight";
				INFOPLIST_KEY_UISupportedInterfaceOrientations_iPhone = "UIInterfaceOrientationPortrait UIInterfaceOrientationLandscapeLeft UIInterfaceOrientationLandscapeRight";
				LD_RUNPATH_SEARCH_PATHS = (
					"$(inherited)",
					"@executable_path/Frameworks",
				);
				MARKETING_VERSION = 2.1.1;
				PRODUCT_BUNDLE_IDENTIFIER = com.mgchoi.wordcounter;
				PRODUCT_NAME = "$(TARGET_NAME)";
				SWIFT_EMIT_LOC_STRINGS = YES;
				SWIFT_VERSION = 5.0;
				TARGETED_DEVICE_FAMILY = "1,2";
			};
			name = Release;
		};
/* End XCBuildConfiguration section */

/* Begin XCConfigurationList section */
		796F421229C5FD4600FBFDF5 /* Build configuration list for PBXProject "wordcounter" */ = {
			isa = XCConfigurationList;
			buildConfigurations = (
				796F422C29C5FD4800FBFDF5 /* Debug */,
				796F422D29C5FD4800FBFDF5 /* Release */,
			);
			defaultConfigurationIsVisible = 0;
			defaultConfigurationName = Release;
		};
		796F422E29C5FD4800FBFDF5 /* Build configuration list for PBXNativeTarget "wordcounter" */ = {
			isa = XCConfigurationList;
			buildConfigurations = (
				796F422F29C5FD4800FBFDF5 /* Debug */,
				796F423029C5FD4800FBFDF5 /* Release */,
			);
			defaultConfigurationIsVisible = 0;
			defaultConfigurationName = Release;
		};
/* End XCConfigurationList section */

/* Begin XCRemoteSwiftPackageReference section */
		79E13EBF2B05F3380067128A /* XCRemoteSwiftPackageReference "SwiftKeychainWrapper" */ = {
			isa = XCRemoteSwiftPackageReference;
			repositoryURL = "https://github.com/jrendel/SwiftKeychainWrapper";
			requirement = {
				kind = upToNextMajorVersion;
				minimumVersion = 4.0.1;
			};
		};
/* End XCRemoteSwiftPackageReference section */

/* Begin XCSwiftPackageProductDependency section */
		79E13EC02B05F3380067128A /* SwiftKeychainWrapper */ = {
			isa = XCSwiftPackageProductDependency;
			package = 79E13EBF2B05F3380067128A /* XCRemoteSwiftPackageReference "SwiftKeychainWrapper" */;
			productName = SwiftKeychainWrapper;
		};
/* End XCSwiftPackageProductDependency section */

/* Begin XCVersionGroup section */
		796F422329C5FD4600FBFDF5 /* wordcounter.xcdatamodeld */ = {
			isa = XCVersionGroup;
			children = (
				796F422429C5FD4600FBFDF5 /* wordcounter.xcdatamodel */,
			);
			currentVersion = 796F422429C5FD4600FBFDF5 /* wordcounter.xcdatamodel */;
			path = wordcounter.xcdatamodeld;
			sourceTree = "<group>";
			versionGroupType = wrapper.xcdatamodel;
		};
/* End XCVersionGroup section */
	};
	rootObject = 796F420F29C5FD4600FBFDF5 /* Project object */;
}
